<?xml version="1.0" encoding="utf-8"?>
<Project ToolsVersion="4.0" xmlns="http://schemas.microsoft.com/developer/msbuild/2003">
  <ItemGroup>
    <ClCompile Include="animObjects.cpp" />
    <ClCompile Include="cellular.cpp" />
    <ClCompile Include="concave.cpp" />
    <ClCompile Include="EditComponent.cpp" />
    <ClCompile Include="enemies.cpp" />
    <ClCompile Include="enemyFSM.cpp" />
    <ClCompile Include="fsmSystem.cpp" />
    <ClCompile Include="modifiers.cpp" />
    <ClCompile Include="movementSystem.cpp" />
    <ClCompile Include="objects.cpp" />
    <ClCompile Include="players.cpp" />
    <ClCompile Include="game.cpp" />
    <ClCompile Include="gameInfoComponent.cpp" />
    <ClCompile Include="graphics.cpp" />
    <ClCompile Include="hud.cpp" />
    <ClCompile Include="image.cpp" />
    <ClCompile Include="input.cpp" />
    <ClCompile Include="level.cpp" />
    <ClCompile Include="mainMenu.cpp" />
    <ClCompile Include="playerFSM.cpp" />
    <ClCompile Include="projectiles.cpp" />
    <ClCompile Include="collisionSystem.cpp" />
    <ClCompile Include="renderLevel.cpp" />
    <ClCompile Include="shopNpc.cpp" />
    <ClCompile Include="tiles.cpp" />
    <ClCompile Include="room.cpp" />
    <ClCompile Include="window.cpp" />
    <ClCompile Include="winmain.cpp" />
    <ClCompile Include="instructions.cpp" />
    <ClCompile Include="credits.cpp" />
    <ClCompile Include="options.cpp" />
    <ClCompile Include="button.cpp" />
    <ClCompile Include="inventory.cpp" />
    <ClCompile Include="item.cpp" />
    <ClCompile Include="spriteText.cpp" />
    <ClCompile Include="audioEngine.cpp" />
    <ClCompile Include="modifierSelect.cpp" />
  </ItemGroup>
  <ItemGroup>
    <ClInclude Include="animObjects.h" />
    <ClInclude Include="cellular.h" />
    <ClInclude Include="component.h" />
    <ClInclude Include="concave.h" />
    <ClInclude Include="constants.h" />
    <ClInclude Include="EditComponent.h" />
    <ClInclude Include="enemies.h" />
    <ClInclude Include="enemyFSM.h" />
    <ClInclude Include="fsmSystem.h" />
    <ClInclude Include="modifiers.h" />
    <ClInclude Include="movementSystem.h" />
    <ClInclude Include="objects.h" />
    <ClInclude Include="players.h" />
    <ClInclude Include="game.h" />
    <ClInclude Include="gameError.h" />
    <ClInclude Include="gameInfoComponent.h" />
    <ClInclude Include="graphics.h" />
    <ClInclude Include="hud.h" />
    <ClInclude Include="image.h" />
    <ClInclude Include="input.h" />
    <ClInclude Include="level.h" />
    <ClInclude Include="mainMenu.h" />
    <ClInclude Include="renderLevel.h" />
    <ClInclude Include="room.h" />
    <ClInclude Include="playerFSM.h" />
    <ClInclude Include="projectiles.h" />
    <ClInclude Include="collisionSystem.h" />
    <ClInclude Include="shopNpc.h" />
    <ClInclude Include="tiles.h" />
    <ClInclude Include="window.h" />
    <ClInclude Include="instructions.h" />
    <ClInclude Include="credits.h" />
    <ClInclude Include="options.h" />
    <ClInclude Include="button.h" />
    <ClCompile Include="game.cpp">
      <Filter>Source Files</Filter>
    </ClCompile>
    <ClCompile Include="graphics.cpp">
      <Filter>Source Files</Filter>
    </ClCompile>
    <ClCompile Include="input.cpp">
      <Filter>Source Files</Filter>
    </ClCompile>
    <ClCompile Include="winmain.cpp">
      <Filter>Source Files</Filter>
    </ClCompile>
    <ClCompile Include="concave.cpp">
      <Filter>Source Files</Filter>
    </ClCompile>
    <ClCompile Include="window.cpp">
      <Filter>Source Files</Filter>
    </ClCompile>
    <ClCompile Include="mainMenu.cpp">
      <Filter>Source Files</Filter>
    </ClCompile>
    <ClCompile Include="hud.cpp">
      <Filter>Source Files</Filter>
    </ClCompile>
    <ClCompile Include="level.cpp">
      <Filter>Source Files</Filter>
    </ClCompile>
    <ClCompile Include="image.cpp">
      <Filter>Source Files</Filter>
    </ClCompile>
    <ClInclude Include="inventory.h" />
    <ClInclude Include="inventoryCell.h" />
    <ClInclude Include="item.h" />
    <ClInclude Include="spriteText.h" />
    <ClInclude Include="audioEngine.h" />
    <ClInclude Include="modifierSelect.h" />
  </ItemGroup>
  <ItemGroup>
    <ClInclude Include="constants.h">
      <Filter>Header Files</Filter>
    </ClInclude>
    <ClInclude Include="game.h">
      <Filter>Header Files</Filter>
    </ClInclude>
    <ClInclude Include="gameError.h">
      <Filter>Header Files</Filter>
    </ClInclude>
    <ClInclude Include="graphics.h">
      <Filter>Header Files</Filter>
    </ClInclude>
    <ClInclude Include="input.h">
      <Filter>Header Files</Filter>
    </ClInclude>
    <ClInclude Include="concave.h">
      <Filter>Header Files</Filter>
    </ClInclude>
    <ClInclude Include="window.h">
      <Filter>Header Files</Filter>
    </ClInclude>
    <ClInclude Include="mainMenu.h">
      <Filter>Header Files</Filter>
    </ClInclude>
    <ClInclude Include="hud.h">
      <Filter>Header Files</Filter>
    </ClInclude>
    <ClInclude Include="level.h">
      <Filter>Header Files</Filter>
    </ClInclude>
    <ClInclude Include="component.h">
      <Filter>Header Files</Filter>
    </ClInclude>
    <ClInclude Include="image.h">
      <Filter>Header Files</Filter>
    </ClInclude>
  </ItemGroup>
</Project>